// !$*UTF8*$!
{
	archiveVersion = 1;
	classes = {
	};
	objectVersion = 50;
	objects = {

/* Begin PBXBuildFile section */
		C711E3EF2510D13E001283DF /* LoadingCell.xib in Resources */ = {isa = PBXBuildFile; fileRef = C711E3EE2510D13E001283DF /* LoadingCell.xib */; };
		C74BD5FB250A988C0048EA2D /* AppDelegate.swift in Sources */ = {isa = PBXBuildFile; fileRef = C74BD5FA250A988C0048EA2D /* AppDelegate.swift */; };
		C74BD5FD250A988C0048EA2D /* SceneDelegate.swift in Sources */ = {isa = PBXBuildFile; fileRef = C74BD5FC250A988C0048EA2D /* SceneDelegate.swift */; };
		C74BD5FF250A988C0048EA2D /* SearchViewController.swift in Sources */ = {isa = PBXBuildFile; fileRef = C74BD5FE250A988C0048EA2D /* SearchViewController.swift */; };
		C74BD602250A988C0048EA2D /* Main.storyboard in Resources */ = {isa = PBXBuildFile; fileRef = C74BD600250A988C0048EA2D /* Main.storyboard */; };
		C74BD604250A988E0048EA2D /* Assets.xcassets in Resources */ = {isa = PBXBuildFile; fileRef = C74BD603250A988E0048EA2D /* Assets.xcassets */; };
		C769FAF1250ACC9E00D9BF91 /* SearchResult.swift in Sources */ = {isa = PBXBuildFile; fileRef = C769FAF0250ACC9E00D9BF91 /* SearchResult.swift */; };
		C77D1C0D2516992E00FC4CAD /* LandscapeViewController.swift in Sources */ = {isa = PBXBuildFile; fileRef = C77D1C0C2516992E00FC4CAD /* LandscapeViewController.swift */; };
		C77D1C0F2516B58600FC4CAD /* FadeOutAnimationController.swift in Sources */ = {isa = PBXBuildFile; fileRef = C77D1C0E2516B58600FC4CAD /* FadeOutAnimationController.swift */; };
		C77D1C112517A41900FC4CAD /* Search.swift in Sources */ = {isa = PBXBuildFile; fileRef = C77D1C102517A41900FC4CAD /* Search.swift */; };
		C7DB2C5D250C1296006166A3 /* SearchResultCell.xib in Resources */ = {isa = PBXBuildFile; fileRef = C7DB2C5C250C1296006166A3 /* SearchResultCell.xib */; };
		C7DB2C5F250C16DC006166A3 /* SearchResultCell.swift in Sources */ = {isa = PBXBuildFile; fileRef = C7DB2C5E250C16DC006166A3 /* SearchResultCell.swift */; };
		C7DB2C61250C19E8006166A3 /* Constant.swift in Sources */ = {isa = PBXBuildFile; fileRef = C7DB2C60250C19E8006166A3 /* Constant.swift */; };
		C7DB2C64250C258B006166A3 /* NothingFoundCell.xib in Resources */ = {isa = PBXBuildFile; fileRef = C7DB2C63250C258B006166A3 /* NothingFoundCell.xib */; };
		C7E2BAC825125690004A0742 /* UIImage+DownloadImage.swift in Sources */ = {isa = PBXBuildFile; fileRef = C7E2BAC725125690004A0742 /* UIImage+DownloadImage.swift */; };
		C7E2BACA25125D48004A0742 /* DetailViewController.swift in Sources */ = {isa = PBXBuildFile; fileRef = C7E2BAC925125D48004A0742 /* DetailViewController.swift */; };
		C7E2BACC251265A2004A0742 /* DimmingPresentationController.swift in Sources */ = {isa = PBXBuildFile; fileRef = C7E2BACB251265A2004A0742 /* DimmingPresentationController.swift */; };
		C7E2BACE2512C26E004A0742 /* GradientView.swift in Sources */ = {isa = PBXBuildFile; fileRef = C7E2BACD2512C26E004A0742 /* GradientView.swift */; };
		C7E2BAD02512C3F5004A0742 /* BounceAnimationController.swift in Sources */ = {isa = PBXBuildFile; fileRef = C7E2BACF2512C3F5004A0742 /* BounceAnimationController.swift */; };
		C7E2BAD22512C57F004A0742 /* SlideOutAnimationController.swift in Sources */ = {isa = PBXBuildFile; fileRef = C7E2BAD12512C57F004A0742 /* SlideOutAnimationController.swift */; };
/* End PBXBuildFile section */

/* Begin PBXFileReference section */
		C711E3EE2510D13E001283DF /* LoadingCell.xib */ = {isa = PBXFileReference; lastKnownFileType = file.xib; path = LoadingCell.xib; sourceTree = "<group>"; };
		C74BD5F7250A988C0048EA2D /* StoreSearch.app */ = {isa = PBXFileReference; explicitFileType = wrapper.application; includeInIndex = 0; path = StoreSearch.app; sourceTree = BUILT_PRODUCTS_DIR; };
		C74BD5FA250A988C0048EA2D /* AppDelegate.swift */ = {isa = PBXFileReference; lastKnownFileType = sourcecode.swift; path = AppDelegate.swift; sourceTree = "<group>"; };
		C74BD5FC250A988C0048EA2D /* SceneDelegate.swift */ = {isa = PBXFileReference; lastKnownFileType = sourcecode.swift; path = SceneDelegate.swift; sourceTree = "<group>"; };
		C74BD5FE250A988C0048EA2D /* SearchViewController.swift */ = {isa = PBXFileReference; lastKnownFileType = sourcecode.swift; path = SearchViewController.swift; sourceTree = "<group>"; };
		C74BD601250A988C0048EA2D /* Base */ = {isa = PBXFileReference; lastKnownFileType = file.storyboard; name = Base; path = Base.lproj/Main.storyboard; sourceTree = "<group>"; };
		C74BD603250A988E0048EA2D /* Assets.xcassets */ = {isa = PBXFileReference; lastKnownFileType = folder.assetcatalog; path = Assets.xcassets; sourceTree = "<group>"; };
		C74BD608250A988E0048EA2D /* Info.plist */ = {isa = PBXFileReference; lastKnownFileType = text.plist.xml; path = Info.plist; sourceTree = "<group>"; };
		C769FAF0250ACC9E00D9BF91 /* SearchResult.swift */ = {isa = PBXFileReference; lastKnownFileType = sourcecode.swift; path = SearchResult.swift; sourceTree = "<group>"; };
		C77D1C0C2516992E00FC4CAD /* LandscapeViewController.swift */ = {isa = PBXFileReference; lastKnownFileType = sourcecode.swift; path = LandscapeViewController.swift; sourceTree = "<group>"; };
		C77D1C0E2516B58600FC4CAD /* FadeOutAnimationController.swift */ = {isa = PBXFileReference; lastKnownFileType = sourcecode.swift; path = FadeOutAnimationController.swift; sourceTree = "<group>"; };
		C77D1C102517A41900FC4CAD /* Search.swift */ = {isa = PBXFileReference; lastKnownFileType = sourcecode.swift; path = Search.swift; sourceTree = "<group>"; };
		C7DB2C5C250C1296006166A3 /* SearchResultCell.xib */ = {isa = PBXFileReference; lastKnownFileType = file.xib; path = SearchResultCell.xib; sourceTree = "<group>"; };
		C7DB2C5E250C16DC006166A3 /* SearchResultCell.swift */ = {isa = PBXFileReference; lastKnownFileType = sourcecode.swift; path = SearchResultCell.swift; sourceTree = "<group>"; };
		C7DB2C60250C19E8006166A3 /* Constant.swift */ = {isa = PBXFileReference; lastKnownFileType = sourcecode.swift; path = Constant.swift; sourceTree = "<group>"; };
		C7DB2C63250C258B006166A3 /* NothingFoundCell.xib */ = {isa = PBXFileReference; lastKnownFileType = file.xib; path = NothingFoundCell.xib; sourceTree = "<group>"; };
		C7E2BAC725125690004A0742 /* UIImage+DownloadImage.swift */ = {isa = PBXFileReference; lastKnownFileType = sourcecode.swift; path = "UIImage+DownloadImage.swift"; sourceTree = "<group>"; };
		C7E2BAC925125D48004A0742 /* DetailViewController.swift */ = {isa = PBXFileReference; lastKnownFileType = sourcecode.swift; path = DetailViewController.swift; sourceTree = "<group>"; };
		C7E2BACB251265A2004A0742 /* DimmingPresentationController.swift */ = {isa = PBXFileReference; lastKnownFileType = sourcecode.swift; path = DimmingPresentationController.swift; sourceTree = "<group>"; };
		C7E2BACD2512C26E004A0742 /* GradientView.swift */ = {isa = PBXFileReference; lastKnownFileType = sourcecode.swift; path = GradientView.swift; sourceTree = "<group>"; };
		C7E2BACF2512C3F5004A0742 /* BounceAnimationController.swift */ = {isa = PBXFileReference; lastKnownFileType = sourcecode.swift; path = BounceAnimationController.swift; sourceTree = "<group>"; };
		C7E2BAD12512C57F004A0742 /* SlideOutAnimationController.swift */ = {isa = PBXFileReference; lastKnownFileType = sourcecode.swift; path = SlideOutAnimationController.swift; sourceTree = "<group>"; };
/* End PBXFileReference section */

/* Begin PBXFrameworksBuildPhase section */
		C74BD5F4250A988C0048EA2D /* Frameworks */ = {
			isa = PBXFrameworksBuildPhase;
			buildActionMask = 2147483647;
			files = (
			);
			runOnlyForDeploymentPostprocessing = 0;
		};
/* End PBXFrameworksBuildPhase section */

/* Begin PBXGroup section */
		C74BD5EE250A988C0048EA2D = {
			isa = PBXGroup;
			children = (
				C74BD5F9250A988C0048EA2D /* StoreSearch */,
				C74BD5F8250A988C0048EA2D /* Products */,
			);
			sourceTree = "<group>";
		};
		C74BD5F8250A988C0048EA2D /* Products */ = {
			isa = PBXGroup;
			children = (
				C74BD5F7250A988C0048EA2D /* StoreSearch.app */,
			);
			name = Products;
			sourceTree = "<group>";
		};
		C74BD5F9250A988C0048EA2D /* StoreSearch */ = {
			isa = PBXGroup;
			children = (
				C74BD5FA250A988C0048EA2D /* AppDelegate.swift */,
				C74BD5FC250A988C0048EA2D /* SceneDelegate.swift */,
				C74BD5FE250A988C0048EA2D /* SearchViewController.swift */,
				C74BD600250A988C0048EA2D /* Main.storyboard */,
				C74BD603250A988E0048EA2D /* Assets.xcassets */,
				C74BD608250A988E0048EA2D /* Info.plist */,
				C769FAF0250ACC9E00D9BF91 /* SearchResult.swift */,
				C7DB2C5C250C1296006166A3 /* SearchResultCell.xib */,
				C7DB2C5E250C16DC006166A3 /* SearchResultCell.swift */,
				C7DB2C60250C19E8006166A3 /* Constant.swift */,
				C7DB2C63250C258B006166A3 /* NothingFoundCell.xib */,
				C711E3EE2510D13E001283DF /* LoadingCell.xib */,
				C7E2BAC725125690004A0742 /* UIImage+DownloadImage.swift */,
				C7E2BAC925125D48004A0742 /* DetailViewController.swift */,
				C7E2BACB251265A2004A0742 /* DimmingPresentationController.swift */,
				C7E2BACD2512C26E004A0742 /* GradientView.swift */,
				C7E2BACF2512C3F5004A0742 /* BounceAnimationController.swift */,
				C7E2BAD12512C57F004A0742 /* SlideOutAnimationController.swift */,
				C77D1C0C2516992E00FC4CAD /* LandscapeViewController.swift */,
				C77D1C0E2516B58600FC4CAD /* FadeOutAnimationController.swift */,
				C77D1C102517A41900FC4CAD /* Search.swift */,
			);
			path = StoreSearch;
			sourceTree = "<group>";
		};
/* End PBXGroup section */

/* Begin PBXNativeTarget section */
		C74BD5F6250A988C0048EA2D /* StoreSearch */ = {
			isa = PBXNativeTarget;
			buildConfigurationList = C74BD60B250A988E0048EA2D /* Build configuration list for PBXNativeTarget "StoreSearch" */;
			buildPhases = (
				C74BD5F3250A988C0048EA2D /* Sources */,
				C74BD5F4250A988C0048EA2D /* Frameworks */,
				C74BD5F5250A988C0048EA2D /* Resources */,
			);
			buildRules = (
			);
			dependencies = (
			);
			name = StoreSearch;
			productName = StoreSearch;
			productReference = C74BD5F7250A988C0048EA2D /* StoreSearch.app */;
			productType = "com.apple.product-type.application";
		};
/* End PBXNativeTarget section */

/* Begin PBXProject section */
		C74BD5EF250A988C0048EA2D /* Project object */ = {
			isa = PBXProject;
			attributes = {
				LastSwiftUpdateCheck = 1170;
				LastUpgradeCheck = 1170;
				ORGANIZATIONNAME = "Shahriar Nasim Nafi";
				TargetAttributes = {
					C74BD5F6250A988C0048EA2D = {
						CreatedOnToolsVersion = 11.7;
					};
				};
			};
			buildConfigurationList = C74BD5F2250A988C0048EA2D /* Build configuration list for PBXProject "StoreSearch" */;
			compatibilityVersion = "Xcode 9.3";
			developmentRegion = en;
			hasScannedForEncodings = 0;
			knownRegions = (
				en,
				Base,
			);
			mainGroup = C74BD5EE250A988C0048EA2D;
			productRefGroup = C74BD5F8250A988C0048EA2D /* Products */;
			projectDirPath = "";
			projectRoot = "";
			targets = (
				C74BD5F6250A988C0048EA2D /* StoreSearch */,
			);
		};
/* End PBXProject section */

/* Begin PBXResourcesBuildPhase section */
		C74BD5F5250A988C0048EA2D /* Resources */ = {
			isa = PBXResourcesBuildPhase;
			buildActionMask = 2147483647;
			files = (
				C74BD604250A988E0048EA2D /* Assets.xcassets in Resources */,
				C711E3EF2510D13E001283DF /* LoadingCell.xib in Resources */,
				C7DB2C5D250C1296006166A3 /* SearchResultCell.xib in Resources */,
				C7DB2C64250C258B006166A3 /* NothingFoundCell.xib in Resources */,
				C74BD602250A988C0048EA2D /* Main.storyboard in Resources */,
			);
			runOnlyForDeploymentPostprocessing = 0;
		};
/* End PBXResourcesBuildPhase section */

/* Begin PBXSourcesBuildPhase section */
		C74BD5F3250A988C0048EA2D /* Sources */ = {
			isa = PBXSourcesBuildPhase;
			buildActionMask = 2147483647;
			files = (
				C7E2BAC825125690004A0742 /* UIImage+DownloadImage.swift in Sources */,
				C74BD5FF250A988C0048EA2D /* SearchViewController.swift in Sources */,
				C77D1C0F2516B58600FC4CAD /* FadeOutAnimationController.swift in Sources */,
				C7E2BACE2512C26E004A0742 /* GradientView.swift in Sources */,
				C74BD5FB250A988C0048EA2D /* AppDelegate.swift in Sources */,
				C769FAF1250ACC9E00D9BF91 /* SearchResult.swift in Sources */,
				C74BD5FD250A988C0048EA2D /* SceneDelegate.swift in Sources */,
				C7DB2C5F250C16DC006166A3 /* SearchResultCell.swift in Sources */,
				C7DB2C61250C19E8006166A3 /* Constant.swift in Sources */,
				C7E2BAD02512C3F5004A0742 /* BounceAnimationController.swift in Sources */,
				C77D1C0D2516992E00FC4CAD /* LandscapeViewController.swift in Sources */,
				C7E2BACA25125D48004A0742 /* DetailViewController.swift in Sources */,
				C77D1C112517A41900FC4CAD /* Search.swift in Sources */,
				C7E2BACC251265A2004A0742 /* DimmingPresentationController.swift in Sources */,
				C7E2BAD22512C57F004A0742 /* SlideOutAnimationController.swift in Sources */,
			);
			runOnlyForDeploymentPostprocessing = 0;
		};
/* End PBXSourcesBuildPhase section */

/* Begin PBXVariantGroup section */
		C74BD600250A988C0048EA2D /* Main.storyboard */ = {
			isa = PBXVariantGroup;
			children = (
				C74BD601250A988C0048EA2D /* Base */,
			);
			name = Main.storyboard;
			sourceTree = "<group>";
		};
/* End PBXVariantGroup section */

/* Begin XCBuildConfiguration section */
		C74BD609250A988E0048EA2D /* Debug */ = {
			isa = XCBuildConfiguration;
			buildSettings = {
				ALWAYS_SEARCH_USER_PATHS = NO;
				CLANG_ANALYZER_NONNULL = YES;
				CLANG_ANALYZER_NUMBER_OBJECT_CONVERSION = YES_AGGRESSIVE;
				CLANG_CXX_LANGUAGE_STANDARD = "gnu++14";
				CLANG_CXX_LIBRARY = "libc++";
				CLANG_ENABLE_MODULES = YES;
				CLANG_ENABLE_OBJC_ARC = YES;
				CLANG_ENABLE_OBJC_WEAK = YES;
				CLANG_WARN_BLOCK_CAPTURE_AUTORELEASING = YES;
				CLANG_WARN_BOOL_CONVERSION = YES;
				CLANG_WARN_COMMA = YES;
				CLANG_WARN_CONSTANT_CONVERSION = YES;
				CLANG_WARN_DEPRECATED_OBJC_IMPLEMENTATIONS = YES;
				CLANG_WARN_DIRECT_OBJC_ISA_USAGE = YES_ERROR;
				CLANG_WARN_DOCUMENTATION_COMMENTS = YES;
				CLANG_WARN_EMPTY_BODY = YES;
				CLANG_WARN_ENUM_CONVERSION = YES;
				CLANG_WARN_INFINITE_RECURSION = YES;
				CLANG_WARN_INT_CONVERSION = YES;
				CLANG_WARN_NON_LITERAL_NULL_CONVERSION = YES;
				CLANG_WARN_OBJC_IMPLICIT_RETAIN_SELF = YES;
				CLANG_WARN_OBJC_LITERAL_CONVERSION = YES;
				CLANG_WARN_OBJC_ROOT_CLASS = YES_ERROR;
				CLANG_WARN_RANGE_LOOP_ANALYSIS = YES;
				CLANG_WARN_STRICT_PROTOTYPES = YES;
				CLANG_WARN_SUSPICIOUS_MOVE = YES;
				CLANG_WARN_UNGUARDED_AVAILABILITY = YES_AGGRESSIVE;
				CLANG_WARN_UNREACHABLE_CODE = YES;
				CLANG_WARN__DUPLICATE_METHOD_MATCH = YES;
				COPY_PHASE_STRIP = NO;
				DEBUG_INFORMATION_FORMAT = dwarf;
				ENABLE_STRICT_OBJC_MSGSEND = YES;
				ENABLE_TESTABILITY = YES;
				GCC_C_LANGUAGE_STANDARD = gnu11;
				GCC_DYNAMIC_NO_PIC = NO;
				GCC_NO_COMMON_BLOCKS = YES;
				GCC_OPTIMIZATION_LEVEL = 0;
				GCC_PREPROCESSOR_DEFINITIONS = (
					"DEBUG=1",
					"$(inherited)",
				);
				GCC_WARN_64_TO_32_BIT_CONVERSION = YES;
				GCC_WARN_ABOUT_RETURN_TYPE = YES_ERROR;
				GCC_WARN_UNDECLARED_SELECTOR = YES;
				GCC_WARN_UNINITIALIZED_AUTOS = YES_AGGRESSIVE;
				GCC_WARN_UNUSED_FUNCTION = YES;
				GCC_WARN_UNUSED_VARIABLE = YES;
				IPHONEOS_DEPLOYMENT_TARGET = 13.7;
				MTL_ENABLE_DEBUG_INFO = INCLUDE_SOURCE;
				MTL_FAST_MATH = YES;
				ONLY_ACTIVE_ARCH = YES;
				SDKROOT = iphoneos;
				SWIFT_ACTIVE_COMPILATION_CONDITIONS = DEBUG;
				SWIFT_OPTIMIZATION_LEVEL = "-Onone";
			};
			name = Debug;
		};
		C74BD60A250A988E0048EA2D /* Release */ = {
			isa = XCBuildConfiguration;
			buildSettings = {
				ALWAYS_SEARCH_USER_PATHS = NO;
				CLANG_ANALYZER_NONNULL = YES;
				CLANG_ANALYZER_NUMBER_OBJECT_CONVERSION = YES_AGGRESSIVE;
				CLANG_CXX_LANGUAGE_STANDARD = "gnu++14";
				CLANG_CXX_LIBRARY = "libc++";
				CLANG_ENABLE_MODULES = YES;
				CLANG_ENABLE_OBJC_ARC = YES;
				CLANG_ENABLE_OBJC_WEAK = YES;
				CLANG_WARN_BLOCK_CAPTURE_AUTORELEASING = YES;
				CLANG_WARN_BOOL_CONVERSION = YES;
				CLANG_WARN_COMMA = YES;
				CLANG_WARN_CONSTANT_CONVERSION = YES;
				CLANG_WARN_DEPRECATED_OBJC_IMPLEMENTATIONS = YES;
				CLANG_WARN_DIRECT_OBJC_ISA_USAGE = YES_ERROR;
				CLANG_WARN_DOCUMENTATION_COMMENTS = YES;
				CLANG_WARN_EMPTY_BODY = YES;
				CLANG_WARN_ENUM_CONVERSION = YES;
				CLANG_WARN_INFINITE_RECURSION = YES;
				CLANG_WARN_INT_CONVERSION = YES;
				CLANG_WARN_NON_LITERAL_NULL_CONVERSION = YES;
				CLANG_WARN_OBJC_IMPLICIT_RETAIN_SELF = YES;
				CLANG_WARN_OBJC_LITERAL_CONVERSION = YES;
				CLANG_WARN_OBJC_ROOT_CLASS = YES_ERROR;
				CLANG_WARN_RANGE_LOOP_ANALYSIS = YES;
				CLANG_WARN_STRICT_PROTOTYPES = YES;
				CLANG_WARN_SUSPICIOUS_MOVE = YES;
				CLANG_WARN_UNGUARDED_AVAILABILITY = YES_AGGRESSIVE;
				CLANG_WARN_UNREACHABLE_CODE = YES;
				CLANG_WARN__DUPLICATE_METHOD_MATCH = YES;
				COPY_PHASE_STRIP = NO;
				DEBUG_INFORMATION_FORMAT = "dwarf-with-dsym";
				ENABLE_NS_ASSERTIONS = NO;
				ENABLE_STRICT_OBJC_MSGSEND = YES;
				GCC_C_LANGUAGE_STANDARD = gnu11;
				GCC_NO_COMMON_BLOCKS = YES;
				GCC_WARN_64_TO_32_BIT_CONVERSION = YES;
				GCC_WARN_ABOUT_RETURN_TYPE = YES_ERROR;
				GCC_WARN_UNDECLARED_SELECTOR = YES;
				GCC_WARN_UNINITIALIZED_AUTOS = YES_AGGRESSIVE;
				GCC_WARN_UNUSED_FUNCTION = YES;
				GCC_WARN_UNUSED_VARIABLE = YES;
				IPHONEOS_DEPLOYMENT_TARGET = 13.7;
				MTL_ENABLE_DEBUG_INFO = NO;
				MTL_FAST_MATH = YES;
				SDKROOT = iphoneos;
				SWIFT_COMPILATION_MODE = wholemodule;
				SWIFT_OPTIMIZATION_LEVEL = "-O";
				VALIDATE_PRODUCT = YES;
			};
			name = Release;
		};
		C74BD60C250A988E0048EA2D /* Debug */ = {
			isa = XCBuildConfiguration;
			buildSettings = {
				ASSETCATALOG_COMPILER_APPICON_NAME = AppIcon;
				CODE_SIGN_STYLE = Automatic;
				INFOPLIST_FILE = StoreSearch/Info.plist;
				IPHONEOS_DEPLOYMENT_TARGET = 13.7;
				LD_RUNPATH_SEARCH_PATHS = (
					"$(inherited)",
					"@executable_path/Frameworks",
				);
				PRODUCT_BUNDLE_IDENTIFIER = snnafi.StoreSearch;
				PRODUCT_NAME = "$(TARGET_NAME)";
				SWIFT_VERSION = 5.0;
				TARGETED_DEVICE_FAMILY = "1,2";
			};
			name = Debug;
		};
		C74BD60D250A988E0048EA2D /* Release */ = {
			isa = XCBuildConfiguration;
			buildSettings = {
				ASSETCATALOG_COMPILER_APPICON_NAME = AppIcon;
				CODE_SIGN_STYLE = Automatic;
				INFOPLIST_FILE = StoreSearch/Info.plist;
				IPHONEOS_DEPLOYMENT_TARGET = 13.7;
				LD_RUNPATH_SEARCH_PATHS = (
					"$(inherited)",
					"@executable_path/Frameworks",
				);
				PRODUCT_BUNDLE_IDENTIFIER = snnafi.StoreSearch;
				PRODUCT_NAME = "$(TARGET_NAME)";
				SWIFT_VERSION = 5.0;
				TARGETED_DEVICE_FAMILY = "1,2";
			};
			name = Release;
		};
/* End XCBuildConfiguration section */

/* Begin XCConfigurationList section */
		C74BD5F2250A988C0048EA2D /* Build configuration list for PBXProject "StoreSearch" */ = {
			isa = XCConfigurationList;
			buildConfigurations = (
				C74BD609250A988E0048EA2D /* Debug */,
				C74BD60A250A988E0048EA2D /* Release */,
			);
			defaultConfigurationIsVisible = 0;
			defaultConfigurationName = Release;
		};
		C74BD60B250A988E0048EA2D /* Build configuration list for PBXNativeTarget "StoreSearch" */ = {
			isa = XCConfigurationList;
			buildConfigurations = (
				C74BD60C250A988E0048EA2D /* Debug */,
				C74BD60D250A988E0048EA2D /* Release */,
			);
			defaultConfigurationIsVisible = 0;
			defaultConfigurationName = Release;
		};
/* End XCConfigurationList section */
	};
	rootObject = C74BD5EF250A988C0048EA2D /* Project object */;
}
